// !$*UTF8*$!
{
	archiveVersion = 1;
	classes = {
	};
	objectVersion = 56;
	objects = {

/* Begin PBXBuildFile section */
		F7341258294EA04800157807 /* sertifikasiApp.swift in Sources */ = {isa = PBXBuildFile; fileRef = F7341257294EA04800157807 /* sertifikasiApp.swift */; };
		F734125A294EA04800157807 /* ContentView.swift in Sources */ = {isa = PBXBuildFile; fileRef = F7341259294EA04800157807 /* ContentView.swift */; };
		F734125C294EA04900157807 /* Assets.xcassets in Resources */ = {isa = PBXBuildFile; fileRef = F734125B294EA04900157807 /* Assets.xcassets */; };
		F734125F294EA04900157807 /* Preview Assets.xcassets in Resources */ = {isa = PBXBuildFile; fileRef = F734125E294EA04900157807 /* Preview Assets.xcassets */; };
		F7341266294EA96800157807 /* PersistenceController.swift in Sources */ = {isa = PBXBuildFile; fileRef = F7341265294EA96800157807 /* PersistenceController.swift */; };
		F734126D294EAA3000157807 /* LibraryDataModel.xcdatamodeld in Sources */ = {isa = PBXBuildFile; fileRef = F734126B294EAA3000157807 /* LibraryDataModel.xcdatamodeld */; };
		F734128C294EB22C00157807 /* Book+CoreDataClass.swift in Sources */ = {isa = PBXBuildFile; fileRef = F7341282294EB22C00157807 /* Book+CoreDataClass.swift */; };
		F734128D294EB22C00157807 /* Book+CoreDataProperties.swift in Sources */ = {isa = PBXBuildFile; fileRef = F7341283294EB22C00157807 /* Book+CoreDataProperties.swift */; };
		F734128E294EB22C00157807 /* Member+CoreDataClass.swift in Sources */ = {isa = PBXBuildFile; fileRef = F7341284294EB22C00157807 /* Member+CoreDataClass.swift */; };
		F734128F294EB22C00157807 /* Member+CoreDataProperties.swift in Sources */ = {isa = PBXBuildFile; fileRef = F7341285294EB22C00157807 /* Member+CoreDataProperties.swift */; };
		F7341290294EB22C00157807 /* TransactionDetail+CoreDataClass.swift in Sources */ = {isa = PBXBuildFile; fileRef = F7341286294EB22C00157807 /* TransactionDetail+CoreDataClass.swift */; };
		F7341291294EB22C00157807 /* TransactionDetail+CoreDataProperties.swift in Sources */ = {isa = PBXBuildFile; fileRef = F7341287294EB22C00157807 /* TransactionDetail+CoreDataProperties.swift */; };
		F7341292294EB22C00157807 /* User+CoreDataClass.swift in Sources */ = {isa = PBXBuildFile; fileRef = F7341288294EB22C00157807 /* User+CoreDataClass.swift */; };
		F7341293294EB22C00157807 /* User+CoreDataProperties.swift in Sources */ = {isa = PBXBuildFile; fileRef = F7341289294EB22C00157807 /* User+CoreDataProperties.swift */; };
		F7341294294EB22C00157807 /* Transaction+CoreDataClass.swift in Sources */ = {isa = PBXBuildFile; fileRef = F734128A294EB22C00157807 /* Transaction+CoreDataClass.swift */; };
		F7341295294EB22C00157807 /* Transaction+CoreDataProperties.swift in Sources */ = {isa = PBXBuildFile; fileRef = F734128B294EB22C00157807 /* Transaction+CoreDataProperties.swift */; };
		F7341298294EB26C00157807 /* CoreDataController.swift in Sources */ = {isa = PBXBuildFile; fileRef = F7341297294EB26C00157807 /* CoreDataController.swift */; };
		F734129B294EBCAD00157807 /* BookStatus.swift in Sources */ = {isa = PBXBuildFile; fileRef = F734129A294EBCAD00157807 /* BookStatus.swift */; };
		F734129E294EBE5700157807 /* HomeView.swift in Sources */ = {isa = PBXBuildFile; fileRef = F734129D294EBE5700157807 /* HomeView.swift */; };
		F73412A1294EBF4700157807 /* LoginView.swift in Sources */ = {isa = PBXBuildFile; fileRef = F73412A0294EBF4700157807 /* LoginView.swift */; };
		F73412A3294EC00C00157807 /* LoginViewModel.swift in Sources */ = {isa = PBXBuildFile; fileRef = F73412A2294EC00C00157807 /* LoginViewModel.swift */; };
		F73412A5294EC38A00157807 /* UIExtension.swift in Sources */ = {isa = PBXBuildFile; fileRef = F73412A4294EC38A00157807 /* UIExtension.swift */; };
		F73412A7294EC49D00157807 /* Background.swift in Sources */ = {isa = PBXBuildFile; fileRef = F73412A6294EC49D00157807 /* Background.swift */; };
		F73412AE294ED0D400157807 /* BookCard.swift in Sources */ = {isa = PBXBuildFile; fileRef = F73412AD294ED0D400157807 /* BookCard.swift */; };
		F73412B0294ED31000157807 /* CollectionViewModel.swift in Sources */ = {isa = PBXBuildFile; fileRef = F73412AF294ED31000157807 /* CollectionViewModel.swift */; };
		F73412B3294ED3EF00157807 /* BookCollection.swift in Sources */ = {isa = PBXBuildFile; fileRef = F73412B2294ED3EF00157807 /* BookCollection.swift */; };
		F73412B5294F0F6400157807 /* ViewState.swift in Sources */ = {isa = PBXBuildFile; fileRef = F73412B4294F0F6400157807 /* ViewState.swift */; };
		F73412B7294F167100157807 /* CollectionView.swift in Sources */ = {isa = PBXBuildFile; fileRef = F73412B6294F167100157807 /* CollectionView.swift */; };
		F73412B9294F1DED00157807 /* BookDetailView.swift in Sources */ = {isa = PBXBuildFile; fileRef = F73412B8294F1DED00157807 /* BookDetailView.swift */; };
		F73412BB294F1F2500157807 /* BookDetailViewModel.swift in Sources */ = {isa = PBXBuildFile; fileRef = F73412BA294F1F2500157807 /* BookDetailViewModel.swift */; };
		F73412BD294FF13100157807 /* SubmissionPicker.swift in Sources */ = {isa = PBXBuildFile; fileRef = F73412BC294FF13100157807 /* SubmissionPicker.swift */; };
/* End PBXBuildFile section */

/* Begin PBXFileReference section */
		F7341254294EA04800157807 /* sertifikasi.app */ = {isa = PBXFileReference; explicitFileType = wrapper.application; includeInIndex = 0; path = sertifikasi.app; sourceTree = BUILT_PRODUCTS_DIR; };
		F7341257294EA04800157807 /* sertifikasiApp.swift */ = {isa = PBXFileReference; lastKnownFileType = sourcecode.swift; path = sertifikasiApp.swift; sourceTree = "<group>"; };
		F7341259294EA04800157807 /* ContentView.swift */ = {isa = PBXFileReference; lastKnownFileType = sourcecode.swift; path = ContentView.swift; sourceTree = "<group>"; };
		F734125B294EA04900157807 /* Assets.xcassets */ = {isa = PBXFileReference; lastKnownFileType = folder.assetcatalog; path = Assets.xcassets; sourceTree = "<group>"; };
		F734125E294EA04900157807 /* Preview Assets.xcassets */ = {isa = PBXFileReference; lastKnownFileType = folder.assetcatalog; path = "Preview Assets.xcassets"; sourceTree = "<group>"; };
		F7341265294EA96800157807 /* PersistenceController.swift */ = {isa = PBXFileReference; lastKnownFileType = sourcecode.swift; path = PersistenceController.swift; sourceTree = "<group>"; };
		F734126C294EAA3000157807 /* LibraryDataModel.xcdatamodel */ = {isa = PBXFileReference; lastKnownFileType = wrapper.xcdatamodel; path = LibraryDataModel.xcdatamodel; sourceTree = "<group>"; };
		F7341282294EB22C00157807 /* Book+CoreDataClass.swift */ = {isa = PBXFileReference; lastKnownFileType = sourcecode.swift; path = "Book+CoreDataClass.swift"; sourceTree = "<group>"; };
		F7341283294EB22C00157807 /* Book+CoreDataProperties.swift */ = {isa = PBXFileReference; lastKnownFileType = sourcecode.swift; path = "Book+CoreDataProperties.swift"; sourceTree = "<group>"; };
		F7341284294EB22C00157807 /* Member+CoreDataClass.swift */ = {isa = PBXFileReference; lastKnownFileType = sourcecode.swift; path = "Member+CoreDataClass.swift"; sourceTree = "<group>"; };
		F7341285294EB22C00157807 /* Member+CoreDataProperties.swift */ = {isa = PBXFileReference; lastKnownFileType = sourcecode.swift; path = "Member+CoreDataProperties.swift"; sourceTree = "<group>"; };
		F7341286294EB22C00157807 /* TransactionDetail+CoreDataClass.swift */ = {isa = PBXFileReference; lastKnownFileType = sourcecode.swift; path = "TransactionDetail+CoreDataClass.swift"; sourceTree = "<group>"; };
		F7341287294EB22C00157807 /* TransactionDetail+CoreDataProperties.swift */ = {isa = PBXFileReference; lastKnownFileType = sourcecode.swift; path = "TransactionDetail+CoreDataProperties.swift"; sourceTree = "<group>"; };
		F7341288294EB22C00157807 /* User+CoreDataClass.swift */ = {isa = PBXFileReference; lastKnownFileType = sourcecode.swift; path = "User+CoreDataClass.swift"; sourceTree = "<group>"; };
		F7341289294EB22C00157807 /* User+CoreDataProperties.swift */ = {isa = PBXFileReference; lastKnownFileType = sourcecode.swift; path = "User+CoreDataProperties.swift"; sourceTree = "<group>"; };
		F734128A294EB22C00157807 /* Transaction+CoreDataClass.swift */ = {isa = PBXFileReference; lastKnownFileType = sourcecode.swift; path = "Transaction+CoreDataClass.swift"; sourceTree = "<group>"; };
		F734128B294EB22C00157807 /* Transaction+CoreDataProperties.swift */ = {isa = PBXFileReference; lastKnownFileType = sourcecode.swift; path = "Transaction+CoreDataProperties.swift"; sourceTree = "<group>"; };
		F7341297294EB26C00157807 /* CoreDataController.swift */ = {isa = PBXFileReference; lastKnownFileType = sourcecode.swift; path = CoreDataController.swift; sourceTree = "<group>"; };
		F734129A294EBCAD00157807 /* BookStatus.swift */ = {isa = PBXFileReference; lastKnownFileType = sourcecode.swift; path = BookStatus.swift; sourceTree = "<group>"; };
		F734129D294EBE5700157807 /* HomeView.swift */ = {isa = PBXFileReference; lastKnownFileType = sourcecode.swift; path = HomeView.swift; sourceTree = "<group>"; };
		F73412A0294EBF4700157807 /* LoginView.swift */ = {isa = PBXFileReference; lastKnownFileType = sourcecode.swift; path = LoginView.swift; sourceTree = "<group>"; };
		F73412A2294EC00C00157807 /* LoginViewModel.swift */ = {isa = PBXFileReference; lastKnownFileType = sourcecode.swift; path = LoginViewModel.swift; sourceTree = "<group>"; };
		F73412A4294EC38A00157807 /* UIExtension.swift */ = {isa = PBXFileReference; lastKnownFileType = sourcecode.swift; path = UIExtension.swift; sourceTree = "<group>"; };
		F73412A6294EC49D00157807 /* Background.swift */ = {isa = PBXFileReference; lastKnownFileType = sourcecode.swift; path = Background.swift; sourceTree = "<group>"; };
		F73412AD294ED0D400157807 /* BookCard.swift */ = {isa = PBXFileReference; lastKnownFileType = sourcecode.swift; path = BookCard.swift; sourceTree = "<group>"; };
		F73412AF294ED31000157807 /* CollectionViewModel.swift */ = {isa = PBXFileReference; lastKnownFileType = sourcecode.swift; path = CollectionViewModel.swift; sourceTree = "<group>"; };
		F73412B2294ED3EF00157807 /* BookCollection.swift */ = {isa = PBXFileReference; lastKnownFileType = sourcecode.swift; path = BookCollection.swift; sourceTree = "<group>"; };
		F73412B4294F0F6400157807 /* ViewState.swift */ = {isa = PBXFileReference; lastKnownFileType = sourcecode.swift; path = ViewState.swift; sourceTree = "<group>"; };
		F73412B6294F167100157807 /* CollectionView.swift */ = {isa = PBXFileReference; lastKnownFileType = sourcecode.swift; path = CollectionView.swift; sourceTree = "<group>"; };
		F73412B8294F1DED00157807 /* BookDetailView.swift */ = {isa = PBXFileReference; lastKnownFileType = sourcecode.swift; path = BookDetailView.swift; sourceTree = "<group>"; };
		F73412BA294F1F2500157807 /* BookDetailViewModel.swift */ = {isa = PBXFileReference; lastKnownFileType = sourcecode.swift; path = BookDetailViewModel.swift; sourceTree = "<group>"; };
		F73412BC294FF13100157807 /* SubmissionPicker.swift */ = {isa = PBXFileReference; lastKnownFileType = sourcecode.swift; path = SubmissionPicker.swift; sourceTree = "<group>"; };
/* End PBXFileReference section */

/* Begin PBXFrameworksBuildPhase section */
		F7341251294EA04800157807 /* Frameworks */ = {
			isa = PBXFrameworksBuildPhase;
			buildActionMask = 2147483647;
			files = (
			);
			runOnlyForDeploymentPostprocessing = 0;
		};
/* End PBXFrameworksBuildPhase section */

/* Begin PBXGroup section */
		F734124B294EA04800157807 = {
			isa = PBXGroup;
			children = (
				F7341256294EA04800157807 /* sertifikasi */,
				F7341255294EA04800157807 /* Products */,
			);
			sourceTree = "<group>";
		};
		F7341255294EA04800157807 /* Products */ = {
			isa = PBXGroup;
			children = (
				F7341254294EA04800157807 /* sertifikasi.app */,
			);
			name = Products;
			sourceTree = "<group>";
		};
		F7341256294EA04800157807 /* sertifikasi */ = {
			isa = PBXGroup;
			children = (
				F73412B1294ED3E100157807 /* Model */,
				F734129F294EBE5D00157807 /* ViewModel */,
				F734129C294EBE3600157807 /* View */,
				F7341267294EA96E00157807 /* Services */,
				F7341257294EA04800157807 /* sertifikasiApp.swift */,
				F7341259294EA04800157807 /* ContentView.swift */,
				F734125B294EA04900157807 /* Assets.xcassets */,
				F734125D294EA04900157807 /* Preview Content */,
				F734126B294EAA3000157807 /* LibraryDataModel.xcdatamodeld */,
				F73412A4294EC38A00157807 /* UIExtension.swift */,
			);
			path = sertifikasi;
			sourceTree = "<group>";
		};
		F734125D294EA04900157807 /* Preview Content */ = {
			isa = PBXGroup;
			children = (
				F734125E294EA04900157807 /* Preview Assets.xcassets */,
			);
			path = "Preview Content";
			sourceTree = "<group>";
		};
		F7341267294EA96E00157807 /* Services */ = {
			isa = PBXGroup;
			children = (
				F7341299294EBC9F00157807 /* Model */,
				F7341296294EB23300157807 /* Data Model */,
				F7341265294EA96800157807 /* PersistenceController.swift */,
				F7341297294EB26C00157807 /* CoreDataController.swift */,
			);
			path = Services;
			sourceTree = "<group>";
		};
		F7341296294EB23300157807 /* Data Model */ = {
			isa = PBXGroup;
			children = (
				F7341282294EB22C00157807 /* Book+CoreDataClass.swift */,
				F7341283294EB22C00157807 /* Book+CoreDataProperties.swift */,
				F7341284294EB22C00157807 /* Member+CoreDataClass.swift */,
				F7341285294EB22C00157807 /* Member+CoreDataProperties.swift */,
				F7341286294EB22C00157807 /* TransactionDetail+CoreDataClass.swift */,
				F7341287294EB22C00157807 /* TransactionDetail+CoreDataProperties.swift */,
				F7341288294EB22C00157807 /* User+CoreDataClass.swift */,
				F7341289294EB22C00157807 /* User+CoreDataProperties.swift */,
				F734128A294EB22C00157807 /* Transaction+CoreDataClass.swift */,
				F734128B294EB22C00157807 /* Transaction+CoreDataProperties.swift */,
			);
			path = "Data Model";
			sourceTree = "<group>";
		};
		F7341299294EBC9F00157807 /* Model */ = {
			isa = PBXGroup;
			children = (
				F734129A294EBCAD00157807 /* BookStatus.swift */,
			);
			path = Model;
			sourceTree = "<group>";
		};
		F734129C294EBE3600157807 /* View */ = {
			isa = PBXGroup;
			children = (
				F73412AC294ED0B500157807 /* Reusable */,
				F734129D294EBE5700157807 /* HomeView.swift */,
				F73412A0294EBF4700157807 /* LoginView.swift */,
				F73412A6294EC49D00157807 /* Background.swift */,
				F73412B6294F167100157807 /* CollectionView.swift */,
				F73412B8294F1DED00157807 /* BookDetailView.swift */,
			);
			path = View;
			sourceTree = "<group>";
		};
		F734129F294EBE5D00157807 /* ViewModel */ = {
			isa = PBXGroup;
			children = (
				F73412A2294EC00C00157807 /* LoginViewModel.swift */,
				F73412AF294ED31000157807 /* CollectionViewModel.swift */,
				F73412BA294F1F2500157807 /* BookDetailViewModel.swift */,
			);
			path = ViewModel;
			sourceTree = "<group>";
		};
		F73412AC294ED0B500157807 /* Reusable */ = {
			isa = PBXGroup;
			children = (
				F73412AD294ED0D400157807 /* BookCard.swift */,
				F73412BC294FF13100157807 /* SubmissionPicker.swift */,
			);
			path = Reusable;
			sourceTree = "<group>";
		};
		F73412B1294ED3E100157807 /* Model */ = {
			isa = PBXGroup;
			children = (
				F73412B2294ED3EF00157807 /* BookCollection.swift */,
				F73412B4294F0F6400157807 /* ViewState.swift */,
			);
			path = Model;
			sourceTree = "<group>";
		};
/* End PBXGroup section */

/* Begin PBXNativeTarget section */
		F7341253294EA04800157807 /* sertifikasi */ = {
			isa = PBXNativeTarget;
			buildConfigurationList = F7341262294EA04900157807 /* Build configuration list for PBXNativeTarget "sertifikasi" */;
			buildPhases = (
				F7341250294EA04800157807 /* Sources */,
				F7341251294EA04800157807 /* Frameworks */,
				F7341252294EA04800157807 /* Resources */,
			);
			buildRules = (
			);
			dependencies = (
			);
			name = sertifikasi;
			productName = sertifikasi;
			productReference = F7341254294EA04800157807 /* sertifikasi.app */;
			productType = "com.apple.product-type.application";
		};
/* End PBXNativeTarget section */

/* Begin PBXProject section */
		F734124C294EA04800157807 /* Project object */ = {
			isa = PBXProject;
			attributes = {
				BuildIndependentTargetsInParallel = 1;
				LastSwiftUpdateCheck = 1400;
				LastUpgradeCheck = 1400;
				TargetAttributes = {
					F7341253294EA04800157807 = {
						CreatedOnToolsVersion = 14.0.1;
					};
				};
			};
			buildConfigurationList = F734124F294EA04800157807 /* Build configuration list for PBXProject "sertifikasi" */;
			compatibilityVersion = "Xcode 14.0";
			developmentRegion = en;
			hasScannedForEncodings = 0;
			knownRegions = (
				en,
				Base,
			);
			mainGroup = F734124B294EA04800157807;
			productRefGroup = F7341255294EA04800157807 /* Products */;
			projectDirPath = "";
			projectRoot = "";
			targets = (
				F7341253294EA04800157807 /* sertifikasi */,
			);
		};
/* End PBXProject section */

/* Begin PBXResourcesBuildPhase section */
		F7341252294EA04800157807 /* Resources */ = {
			isa = PBXResourcesBuildPhase;
			buildActionMask = 2147483647;
			files = (
				F734125F294EA04900157807 /* Preview Assets.xcassets in Resources */,
				F734125C294EA04900157807 /* Assets.xcassets in Resources */,
			);
			runOnlyForDeploymentPostprocessing = 0;
		};
/* End PBXResourcesBuildPhase section */

/* Begin PBXSourcesBuildPhase section */
		F7341250294EA04800157807 /* Sources */ = {
			isa = PBXSourcesBuildPhase;
			buildActionMask = 2147483647;
			files = (
				F73412BD294FF13100157807 /* SubmissionPicker.swift in Sources */,
				F734128C294EB22C00157807 /* Book+CoreDataClass.swift in Sources */,
				F734128E294EB22C00157807 /* Member+CoreDataClass.swift in Sources */,
				F7341298294EB26C00157807 /* CoreDataController.swift in Sources */,
				F73412A5294EC38A00157807 /* UIExtension.swift in Sources */,
				F7341293294EB22C00157807 /* User+CoreDataProperties.swift in Sources */,
				F734125A294EA04800157807 /* ContentView.swift in Sources */,
				F734129E294EBE5700157807 /* HomeView.swift in Sources */,
				F734128D294EB22C00157807 /* Book+CoreDataProperties.swift in Sources */,
				F73412A7294EC49D00157807 /* Background.swift in Sources */,
				F734126D294EAA3000157807 /* LibraryDataModel.xcdatamodeld in Sources */,
				F73412B5294F0F6400157807 /* ViewState.swift in Sources */,
				F7341291294EB22C00157807 /* TransactionDetail+CoreDataProperties.swift in Sources */,
				F734128F294EB22C00157807 /* Member+CoreDataProperties.swift in Sources */,
				F73412B0294ED31000157807 /* CollectionViewModel.swift in Sources */,
				F73412BB294F1F2500157807 /* BookDetailViewModel.swift in Sources */,
				F7341295294EB22C00157807 /* Transaction+CoreDataProperties.swift in Sources */,
				F73412B3294ED3EF00157807 /* BookCollection.swift in Sources */,
				F734129B294EBCAD00157807 /* BookStatus.swift in Sources */,
				F73412A1294EBF4700157807 /* LoginView.swift in Sources */,
				F73412B7294F167100157807 /* CollectionView.swift in Sources */,
				F7341258294EA04800157807 /* sertifikasiApp.swift in Sources */,
				F7341294294EB22C00157807 /* Transaction+CoreDataClass.swift in Sources */,
				F7341292294EB22C00157807 /* User+CoreDataClass.swift in Sources */,
				F73412B9294F1DED00157807 /* BookDetailView.swift in Sources */,
				F7341290294EB22C00157807 /* TransactionDetail+CoreDataClass.swift in Sources */,
				F73412A3294EC00C00157807 /* LoginViewModel.swift in Sources */,
				F73412AE294ED0D400157807 /* BookCard.swift in Sources */,
				F7341266294EA96800157807 /* PersistenceController.swift in Sources */,
			);
			runOnlyForDeploymentPostprocessing = 0;
		};
/* End PBXSourcesBuildPhase section */

/* Begin XCBuildConfiguration section */
		F7341260294EA04900157807 /* Debug */ = {
			isa = XCBuildConfiguration;
			buildSettings = {
				ALWAYS_SEARCH_USER_PATHS = NO;
				CLANG_ANALYZER_NONNULL = YES;
				CLANG_ANALYZER_NUMBER_OBJECT_CONVERSION = YES_AGGRESSIVE;
				CLANG_CXX_LANGUAGE_STANDARD = "gnu++20";
				CLANG_ENABLE_MODULES = YES;
				CLANG_ENABLE_OBJC_ARC = YES;
				CLANG_ENABLE_OBJC_WEAK = YES;
				CLANG_WARN_BLOCK_CAPTURE_AUTORELEASING = YES;
				CLANG_WARN_BOOL_CONVERSION = YES;
				CLANG_WARN_COMMA = YES;
				CLANG_WARN_CONSTANT_CONVERSION = YES;
				CLANG_WARN_DEPRECATED_OBJC_IMPLEMENTATIONS = YES;
				CLANG_WARN_DIRECT_OBJC_ISA_USAGE = YES_ERROR;
				CLANG_WARN_DOCUMENTATION_COMMENTS = YES;
				CLANG_WARN_EMPTY_BODY = YES;
				CLANG_WARN_ENUM_CONVERSION = YES;
				CLANG_WARN_INFINITE_RECURSION = YES;
				CLANG_WARN_INT_CONVERSION = YES;
				CLANG_WARN_NON_LITERAL_NULL_CONVERSION = YES;
				CLANG_WARN_OBJC_IMPLICIT_RETAIN_SELF = YES;
				CLANG_WARN_OBJC_LITERAL_CONVERSION = YES;
				CLANG_WARN_OBJC_ROOT_CLASS = YES_ERROR;
				CLANG_WARN_QUOTED_INCLUDE_IN_FRAMEWORK_HEADER = YES;
				CLANG_WARN_RANGE_LOOP_ANALYSIS = YES;
				CLANG_WARN_STRICT_PROTOTYPES = YES;
				CLANG_WARN_SUSPICIOUS_MOVE = YES;
				CLANG_WARN_UNGUARDED_AVAILABILITY = YES_AGGRESSIVE;
				CLANG_WARN_UNREACHABLE_CODE = YES;
				CLANG_WARN__DUPLICATE_METHOD_MATCH = YES;
				COPY_PHASE_STRIP = NO;
				DEBUG_INFORMATION_FORMAT = dwarf;
				ENABLE_STRICT_OBJC_MSGSEND = YES;
				ENABLE_TESTABILITY = YES;
				GCC_C_LANGUAGE_STANDARD = gnu11;
				GCC_DYNAMIC_NO_PIC = NO;
				GCC_NO_COMMON_BLOCKS = YES;
				GCC_OPTIMIZATION_LEVEL = 0;
				GCC_PREPROCESSOR_DEFINITIONS = (
					"DEBUG=1",
					"$(inherited)",
				);
				GCC_WARN_64_TO_32_BIT_CONVERSION = YES;
				GCC_WARN_ABOUT_RETURN_TYPE = YES_ERROR;
				GCC_WARN_UNDECLARED_SELECTOR = YES;
				GCC_WARN_UNINITIALIZED_AUTOS = YES_AGGRESSIVE;
				GCC_WARN_UNUSED_FUNCTION = YES;
				GCC_WARN_UNUSED_VARIABLE = YES;
				IPHONEOS_DEPLOYMENT_TARGET = 16.0;
				MTL_ENABLE_DEBUG_INFO = INCLUDE_SOURCE;
				MTL_FAST_MATH = YES;
				ONLY_ACTIVE_ARCH = YES;
				SDKROOT = iphoneos;
				SWIFT_ACTIVE_COMPILATION_CONDITIONS = DEBUG;
				SWIFT_OPTIMIZATION_LEVEL = "-Onone";
			};
			name = Debug;
		};
		F7341261294EA04900157807 /* Release */ = {
			isa = XCBuildConfiguration;
			buildSettings = {
				ALWAYS_SEARCH_USER_PATHS = NO;
				CLANG_ANALYZER_NONNULL = YES;
				CLANG_ANALYZER_NUMBER_OBJECT_CONVERSION = YES_AGGRESSIVE;
				CLANG_CXX_LANGUAGE_STANDARD = "gnu++20";
				CLANG_ENABLE_MODULES = YES;
				CLANG_ENABLE_OBJC_ARC = YES;
				CLANG_ENABLE_OBJC_WEAK = YES;
				CLANG_WARN_BLOCK_CAPTURE_AUTORELEASING = YES;
				CLANG_WARN_BOOL_CONVERSION = YES;
				CLANG_WARN_COMMA = YES;
				CLANG_WARN_CONSTANT_CONVERSION = YES;
				CLANG_WARN_DEPRECATED_OBJC_IMPLEMENTATIONS = YES;
				CLANG_WARN_DIRECT_OBJC_ISA_USAGE = YES_ERROR;
				CLANG_WARN_DOCUMENTATION_COMMENTS = YES;
				CLANG_WARN_EMPTY_BODY = YES;
				CLANG_WARN_ENUM_CONVERSION = YES;
				CLANG_WARN_INFINITE_RECURSION = YES;
				CLANG_WARN_INT_CONVERSION = YES;
				CLANG_WARN_NON_LITERAL_NULL_CONVERSION = YES;
				CLANG_WARN_OBJC_IMPLICIT_RETAIN_SELF = YES;
				CLANG_WARN_OBJC_LITERAL_CONVERSION = YES;
				CLANG_WARN_OBJC_ROOT_CLASS = YES_ERROR;
				CLANG_WARN_QUOTED_INCLUDE_IN_FRAMEWORK_HEADER = YES;
				CLANG_WARN_RANGE_LOOP_ANALYSIS = YES;
				CLANG_WARN_STRICT_PROTOTYPES = YES;
				CLANG_WARN_SUSPICIOUS_MOVE = YES;
				CLANG_WARN_UNGUARDED_AVAILABILITY = YES_AGGRESSIVE;
				CLANG_WARN_UNREACHABLE_CODE = YES;
				CLANG_WARN__DUPLICATE_METHOD_MATCH = YES;
				COPY_PHASE_STRIP = NO;
				DEBUG_INFORMATION_FORMAT = "dwarf-with-dsym";
				ENABLE_NS_ASSERTIONS = NO;
				ENABLE_STRICT_OBJC_MSGSEND = YES;
				GCC_C_LANGUAGE_STANDARD = gnu11;
				GCC_NO_COMMON_BLOCKS = YES;
				GCC_WARN_64_TO_32_BIT_CONVERSION = YES;
				GCC_WARN_ABOUT_RETURN_TYPE = YES_ERROR;
				GCC_WARN_UNDECLARED_SELECTOR = YES;
				GCC_WARN_UNINITIALIZED_AUTOS = YES_AGGRESSIVE;
				GCC_WARN_UNUSED_FUNCTION = YES;
				GCC_WARN_UNUSED_VARIABLE = YES;
				IPHONEOS_DEPLOYMENT_TARGET = 16.0;
				MTL_ENABLE_DEBUG_INFO = NO;
				MTL_FAST_MATH = YES;
				SDKROOT = iphoneos;
				SWIFT_COMPILATION_MODE = wholemodule;
				SWIFT_OPTIMIZATION_LEVEL = "-O";
				VALIDATE_PRODUCT = YES;
			};
			name = Release;
		};
		F7341263294EA04900157807 /* Debug */ = {
			isa = XCBuildConfiguration;
			buildSettings = {
				ASSETCATALOG_COMPILER_APPICON_NAME = AppIcon;
				ASSETCATALOG_COMPILER_GLOBAL_ACCENT_COLOR_NAME = AccentColor;
				CODE_SIGN_STYLE = Automatic;
				CURRENT_PROJECT_VERSION = 1;
				DEVELOPMENT_ASSET_PATHS = "\"sertifikasi/Preview Content\"";
				DEVELOPMENT_TEAM = H4B8Q4454B;
				ENABLE_PREVIEWS = YES;
				GENERATE_INFOPLIST_FILE = YES;
				INFOPLIST_KEY_UIApplicationSceneManifest_Generation = YES;
				INFOPLIST_KEY_UIApplicationSupportsIndirectInputEvents = YES;
				INFOPLIST_KEY_UILaunchScreen_Generation = YES;
				INFOPLIST_KEY_UISupportedInterfaceOrientations_iPad = "UIInterfaceOrientationPortrait UIInterfaceOrientationPortraitUpsideDown UIInterfaceOrientationLandscapeLeft UIInterfaceOrientationLandscapeRight";
				INFOPLIST_KEY_UISupportedInterfaceOrientations_iPhone = "UIInterfaceOrientationPortrait UIInterfaceOrientationLandscapeLeft UIInterfaceOrientationLandscapeRight";
				LD_RUNPATH_SEARCH_PATHS = (
					"$(inherited)",
					"@executable_path/Frameworks",
				);
				MARKETING_VERSION = 1.0;
				PRODUCT_BUNDLE_IDENTIFIER = com.terrence.sertifikasi;
				PRODUCT_NAME = "$(TARGET_NAME)";
				SWIFT_EMIT_LOC_STRINGS = YES;
				SWIFT_VERSION = 5.0;
				TARGETED_DEVICE_FAMILY = "1,2";
			};
			name = Debug;
		};
		F7341264294EA04900157807 /* Release */ = {
			isa = XCBuildConfiguration;
			buildSettings = {
				ASSETCATALOG_COMPILER_APPICON_NAME = AppIcon;
				ASSETCATALOG_COMPILER_GLOBAL_ACCENT_COLOR_NAME = AccentColor;
				CODE_SIGN_STYLE = Automatic;
				CURRENT_PROJECT_VERSION = 1;
				DEVELOPMENT_ASSET_PATHS = "\"sertifikasi/Preview Content\"";
				DEVELOPMENT_TEAM = H4B8Q4454B;
				ENABLE_PREVIEWS = YES;
				GENERATE_INFOPLIST_FILE = YES;
				INFOPLIST_KEY_UIApplicationSceneManifest_Generation = YES;
				INFOPLIST_KEY_UIApplicationSupportsIndirectInputEvents = YES;
				INFOPLIST_KEY_UILaunchScreen_Generation = YES;
				INFOPLIST_KEY_UISupportedInterfaceOrientations_iPad = "UIInterfaceOrientationPortrait UIInterfaceOrientationPortraitUpsideDown UIInterfaceOrientationLandscapeLeft UIInterfaceOrientationLandscapeRight";
				INFOPLIST_KEY_UISupportedInterfaceOrientations_iPhone = "UIInterfaceOrientationPortrait UIInterfaceOrientationLandscapeLeft UIInterfaceOrientationLandscapeRight";
				LD_RUNPATH_SEARCH_PATHS = (
					"$(inherited)",
					"@executable_path/Frameworks",
				);
				MARKETING_VERSION = 1.0;
				PRODUCT_BUNDLE_IDENTIFIER = com.terrence.sertifikasi;
				PRODUCT_NAME = "$(TARGET_NAME)";
				SWIFT_EMIT_LOC_STRINGS = YES;
				SWIFT_VERSION = 5.0;
				TARGETED_DEVICE_FAMILY = "1,2";
			};
			name = Release;
		};
/* End XCBuildConfiguration section */

/* Begin XCConfigurationList section */
		F734124F294EA04800157807 /* Build configuration list for PBXProject "sertifikasi" */ = {
			isa = XCConfigurationList;
			buildConfigurations = (
				F7341260294EA04900157807 /* Debug */,
				F7341261294EA04900157807 /* Release */,
			);
			defaultConfigurationIsVisible = 0;
			defaultConfigurationName = Release;
		};
		F7341262294EA04900157807 /* Build configuration list for PBXNativeTarget "sertifikasi" */ = {
			isa = XCConfigurationList;
			buildConfigurations = (
				F7341263294EA04900157807 /* Debug */,
				F7341264294EA04900157807 /* Release */,
			);
			defaultConfigurationIsVisible = 0;
			defaultConfigurationName = Release;
		};
/* End XCConfigurationList section */

/* Begin XCVersionGroup section */
		F734126B294EAA3000157807 /* LibraryDataModel.xcdatamodeld */ = {
			isa = XCVersionGroup;
			children = (
				F734126C294EAA3000157807 /* LibraryDataModel.xcdatamodel */,
			);
			currentVersion = F734126C294EAA3000157807 /* LibraryDataModel.xcdatamodel */;
			path = LibraryDataModel.xcdatamodeld;
			sourceTree = "<group>";
			versionGroupType = wrapper.xcdatamodel;
		};
/* End XCVersionGroup section */
	};
	rootObject = F734124C294EA04800157807 /* Project object */;
}
